
Microsoft Visual Studio Solution File, Format Version 12.00
# Visual Studio Version 17
VisualStudioVersion = 17.0.31903.59
MinimumVisualStudioVersion = 10.0.40219.1
Project("{FAE04EC0-301F-11D3-BF4B-00C04F79EFBC}") = "TodoList.Models", "TodoList.Models\TodoList.Models.csproj", "{2C46A4E6-FC8D-4155-BAC2-4E5732F38631}"
EndProject
Project("{FAE04EC0-301F-11D3-BF4B-00C04F79EFBC}") = "TodoList.API", "TodoList.API\TodoList.API.csproj", "{70C313B5-B081-4009-90CC-0DE619EB3FD1}"
EndProject
Project("{FAE04EC0-301F-11D3-BF4B-00C04F79EFBC}") = "TodoList.Tests", "TodoList.Tests\TodoList.Tests.csproj", "{48D39F88-B480-4222-B8E0-8F5A2D23D167}"
EndProject
Global
	GlobalSection(SolutionConfigurationPlatforms) = preSolution
		Debug|Any CPU = Debug|Any CPU
		Release|Any CPU = Release|Any CPU
	EndGlobalSection
	GlobalSection(SolutionProperties) = preSolution
		HideSolutionNode = FALSE
	EndGlobalSection
	GlobalSection(ProjectConfigurationPlatforms) = postSolution
		{2C46A4E6-FC8D-4155-BAC2-4E5732F38631}.Debug|Any CPU.ActiveCfg = Debug|Any CPU
		{2C46A4E6-FC8D-4155-BAC2-4E5732F38631}.Debug|Any CPU.Build.0 = Debug|Any CPU
		{2C46A4E6-FC8D-4155-BAC2-4E5732F38631}.Release|Any CPU.ActiveCfg = Release|Any CPU
		{2C46A4E6-FC8D-4155-BAC2-4E5732F38631}.Release|Any CPU.Build.0 = Release|Any CPU
		{70C313B5-B081-4009-90CC-0DE619EB3FD1}.Debug|Any CPU.ActiveCfg = Debug|Any CPU
		{70C313B5-B081-4009-90CC-0DE619EB3FD1}.Debug|Any CPU.Build.0 = Debug|Any CPU
		{70C313B5-B081-4009-90CC-0DE619EB3FD1}.Release|Any CPU.ActiveCfg = Release|Any CPU
		{70C313B5-B081-4009-90CC-0DE619EB3FD1}.Release|Any CPU.Build.0 = Release|Any CPU
		{48D39F88-B480-4222-B8E0-8F5A2D23D167}.Debug|Any CPU.ActiveCfg = Debug|Any CPU
		{48D39F88-B480-4222-B8E0-8F5A2D23D167}.Debug|Any CPU.Build.0 = Debug|Any CPU
		{48D39F88-B480-4222-B8E0-8F5A2D23D167}.Release|Any CPU.ActiveCfg = Release|Any CPU
		{48D39F88-B480-4222-B8E0-8F5A2D23D167}.Release|Any CPU.Build.0 = Release|Any CPU
	EndGlobalSection
EndGlobal
